PODS:
  - Alamofire (4.1.0)
  - NetworkSDK (0.1.8):
    - Alamofire (~> 4.1.0)
    - ObjectMapper (~> 2.2.1)
  - ObjectMapper (2.2.1)

DEPENDENCIES:
  - NetworkSDK (from `../`)

EXTERNAL SOURCES:
  NetworkSDK:
    :path: "../"

SPEC CHECKSUMS:
  Alamofire: e266cf991b933498df791e645e0d8ac294492153
  NetworkSDK: 6ef86110a9ae6162408517e8d74b6f6aeb1cc312
  ObjectMapper: 41e43e1a89f8060ef5ea5d04ba852e269a621d68

PODFILE CHECKSUM: f2ab32862e541ad920be533bb4026a8c710d4d2e

COCOAPODS: 1.2.0.beta.1
